
Microsoft Visual Studio Solution File, Format Version 12.00
# Visual Studio 15
VisualStudioVersion = 15.0.28307.329
MinimumVisualStudioVersion = 10.0.40219.1
Project("{FAE04EC0-301F-11D3-BF4B-00C04F79EFBC}") = "CodeJam_Practice", "CodeJam_Practice\CodeJam_Practice.csproj", "{773FB16C-885F-4862-BA4D-F606318006E7}"
EndProject
Global
	GlobalSection(SolutionConfigurationPlatforms) = preSolution
		Debug|Any CPU = Debug|Any CPU
		Release|Any CPU = Release|Any CPU
	EndGlobalSection
	GlobalSection(ProjectConfigurationPlatforms) = postSolution
		{773FB16C-885F-4862-BA4D-F606318006E7}.Debug|Any CPU.ActiveCfg = Debug|Any CPU
		{773FB16C-885F-4862-BA4D-F606318006E7}.Debug|Any CPU.Build.0 = Debug|Any CPU
		{773FB16C-885F-4862-BA4D-F606318006E7}.Release|Any CPU.ActiveCfg = Release|Any CPU
		{773FB16C-885F-4862-BA4D-F606318006E7}.Release|Any CPU.Build.0 = Release|Any CPU
	EndGlobalSection
	GlobalSection(SolutionProperties) = preSolution
		HideSolutionNode = FALSE
	EndGlobalSection
	GlobalSection(ExtensibilityGlobals) = postSolution
		SolutionGuid = {0F04430F-0070-47C8-9BF9-0402E4356FFB}
	EndGlobalSection
EndGlobal
